lockfileVersion: 5.4

specifiers:
  '@aliucord/rollup-plugin-swc': ^0.2.2
  '@swc/core': ^1.2.173
  '@types/estree': ^0.0.51
  '@types/node': ^17.0.30
  '@types/yazl': ^2.4.2
  rollup: ^2.70.2
  rollup-plugin-hermes: ../rollup-plugin-hermes/dist
  typescript: ^4.6.4
  yazl: ^2.5.1

dependencies:
  '@aliucord/rollup-plugin-swc': 0.2.2_yxsz25pizi4nxzk4zjcn4spy54
  '@swc/core': 1.2.173
  rollup-plugin-hermes: link:../rollup-plugin-hermes/dist
  yazl: 2.5.1

devDependencies:
  '@types/estree': 0.0.51
  '@types/node': 17.0.30
  '@types/yazl': 2.4.2
  rollup: 2.70.2
  typescript: 4.6.4

packages:

  /@aliucord/rollup-plugin-swc/0.2.2_yxsz25pizi4nxzk4zjcn4spy54:
    resolution: {integrity: sha512-P1QuH3XwjYxj4lOpDbCHSPHETF9qi0XRBAkuI1tdqW/shf9Q+gOzi7QtbK4dNoaklH4d9chQCJMqcMya80eeDg==}
    peerDependencies:
      '@swc/core': '>=1.0'
      rollup: '>=1.5.0'
    dependencies:
      '@rollup/pluginutils': 4.2.1
      '@swc/core': 1.2.173
      rollup: 2.70.2
    dev: false

  /@rollup/pluginutils/4.2.1:
    resolution: {integrity: sha512-iKnFXr7NkdZAIHiIWE+BX5ULi/ucVFYWD6TbAV+rZctiRTY2PL6tsIKhoIOaoskiWAkgu+VsbXgUVDNLHf+InQ==}
    engines: {node: '>= 8.0.0'}
    dependencies:
      estree-walker: 2.0.2
      picomatch: 2.3.1
    dev: false

  /@swc/core-android-arm-eabi/1.2.173:
    resolution: {integrity: sha512-8ZfP3xrMhMbUznEAuJz8gy+Y+SLYQswuirclHv72VGhT01198dnb70dxokIDolZPp9SKfHtPtj6fHTXl6cenaA==}
    engines: {node: '>=10'}
    cpu: [arm]
    os: [android]
    requiresBuild: true
    dev: false
    optional: true

  /@swc/core-android-arm64/1.2.173:
    resolution: {integrity: sha512-3JwPSZLlRdJrgHxqzRDtoNWWO72FnB0O99M0hpWIqeKtT+JjAsjnWpG8AQVSR6K6umgMCOa+6BdbFvDp7fVViw==}
    engines: {node: '>=10'}
    cpu: [arm64]
    os: [android]
    requiresBuild: true
    dev: false
    optional: true

  /@swc/core-darwin-arm64/1.2.173:
    resolution: {integrity: sha512-ygshqTlu+nyf9URH6nvRxQcCwVbECvCsBqcwb/xQQLAGh/t6FIwjGwisjTJ8or1StoDmC3n4yamTJ9duSU95AQ==}
    engines: {node: '>=10'}
    cpu: [arm64]
    os: [darwin]
    requiresBuild: true
    dev: false
    optional: true

  /@swc/core-darwin-x64/1.2.173:
    resolution: {integrity: sha512-HLmBvQKpLfCu4WZ9+h6DszPy5gid1VmuTjqh4Q3fHS7EaKOs7Bk7NtMbxlJzliir++tLt3xPIEUlzM1pl6QZkQ==}
    engines: {node: '>=10'}
    cpu: [x64]
    os: [darwin]
    requiresBuild: true
    dev: false
    optional: true

  /@swc/core-freebsd-x64/1.2.173:
    resolution: {integrity: sha512-XpI+Cn+yr9HeWo6NH3vmna++UQQUGuq8S9T6CmoYOAm1ApneQeOoJQy259C9bMD2AiXWIMJtvULMbm+EO+A+jQ==}
    engines: {node: '>=10'}
    cpu: [x64]
    os: [freebsd]
    requiresBuild: true
    dev: false
    optional: true

  /@swc/core-linux-arm-gnueabihf/1.2.173:
    resolution: {integrity: sha512-8imFCNXb4pX+unPxKCJZMelPBh/WY7Kx2O11X9cpuxRcmVpZsodJPscreJJrTaAliq88feIox+V6k6oWlIzTCw==}
    engines: {node: '>=10'}
    cpu: [arm]
    os: [linux]
    requiresBuild: true
    dev: false
    optional: true

  /@swc/core-linux-arm64-gnu/1.2.173:
    resolution: {integrity: sha512-PhK0etjVWM29L8mjDcu6tBSWjexL/f0uta6nxPh44DrofxBKandvgKW6EcFekZDx1QFa2vy0aqb+JUV52tDRlw==}
    engines: {node: '>=10'}
    cpu: [arm64]
    os: [linux]
    requiresBuild: true
    dev: false
    optional: true

  /@swc/core-linux-arm64-musl/1.2.173:
    resolution: {integrity: sha512-uOq8skOvDBycQWloYixp4Ml+ZQl8YyR1WwVtuuHPXNxV0eMn3eryGpqezqMzBFkadRIKLREdnGfIiG5/oZiGlw==}
    engines: {node: '>=10'}
    cpu: [arm64]
    os: [linux]
    requiresBuild: true
    dev: false
    optional: true

  /@swc/core-linux-x64-gnu/1.2.173:
    resolution: {integrity: sha512-0jCfUFOxSAGEVRPHziCIPxD0zMmMRvYKK8PkdWMvPG2DKi4ITI/wRq+4sGj87dLHWybXhtolu/ceErMWv5L+kw==}
    engines: {node: '>=10'}
    cpu: [x64]
    os: [linux]
    requiresBuild: true
    dev: false
    optional: true

  /@swc/core-linux-x64-musl/1.2.173:
    resolution: {integrity: sha512-qL/Cb813U7hEXPpqd+O2W0HhcW2TpettQBlb99wyjCfVe0I2eg+S83cg6SV7tSmDRJ5SCezxNcbrnBZjqOw/MA==}
    engines: {node: '>=10'}
    cpu: [x64]
    os: [linux]
    requiresBuild: true
    dev: false
    optional: true

  /@swc/core-win32-arm64-msvc/1.2.173:
    resolution: {integrity: sha512-ik9pmhc/Jt0Q/JDPj65fJr2S4eNuwipLdDkfc5C/CvWKWSFPuDoxIThPc26vExF+RnaAh3qk/jbsgc2SeD48wg==}
    engines: {node: '>=10'}
    cpu: [arm64]
    os: [win32]
    requiresBuild: true
    dev: false
    optional: true

  /@swc/core-win32-ia32-msvc/1.2.173:
    resolution: {integrity: sha512-l68d516QiVCAmJzFKHO7o3PSDXopaDCRlHdXcOUIM6OFyNsdKV2cJ3NeDrbCLEIUPeeH1tdtfV6yHlvmEOEPew==}
    engines: {node: '>=10'}
    cpu: [ia32]
    os: [win32]
    requiresBuild: true
    dev: false
    optional: true

  /@swc/core-win32-x64-msvc/1.2.173:
    resolution: {integrity: sha512-gnNI474ZjmHCN1Swtu86URrznnTYM7P6HCvk8ls5mzeDoDCD8qnXz0APWXRM+Rv56C8xYjro9pKbzCP1MYiwwQ==}
    engines: {node: '>=10'}
    cpu: [x64]
    os: [win32]
    requiresBuild: true
    dev: false
    optional: true

  /@swc/core/1.2.173:
    resolution: {integrity: sha512-scTnWQMxaCN4BCi/IZbqBL8W+ce/Mx7b1hx/xp5EXu1T4hayDhOemq0LsUeeDxHi9xMgR/1hidqa9M6FWXXV+A==}
    engines: {node: '>=10'}
    hasBin: true
    optionalDependencies:
      '@swc/core-android-arm-eabi': 1.2.173
      '@swc/core-android-arm64': 1.2.173
      '@swc/core-darwin-arm64': 1.2.173
      '@swc/core-darwin-x64': 1.2.173
      '@swc/core-freebsd-x64': 1.2.173
      '@swc/core-linux-arm-gnueabihf': 1.2.173
      '@swc/core-linux-arm64-gnu': 1.2.173
      '@swc/core-linux-arm64-musl': 1.2.173
      '@swc/core-linux-x64-gnu': 1.2.173
      '@swc/core-linux-x64-musl': 1.2.173
      '@swc/core-win32-arm64-msvc': 1.2.173
      '@swc/core-win32-ia32-msvc': 1.2.173
      '@swc/core-win32-x64-msvc': 1.2.173
    dev: false

  /@types/estree/0.0.51:
    resolution: {integrity: sha512-CuPgU6f3eT/XgKKPqKd/gLZV1Xmvf1a2R5POBOGQa6uv82xpls89HU5zKeVoyR8XzHd1RGNOlQlvUe3CFkjWNQ==}
    dev: true

  /@types/node/17.0.30:
    resolution: {integrity: sha512-oNBIZjIqyHYP8VCNAV9uEytXVeXG2oR0w9lgAXro20eugRQfY002qr3CUl6BAe+Yf/z3CRjPdz27Pu6WWtuSRw==}
    dev: true

  /@types/yazl/2.4.2:
    resolution: {integrity: sha512-T+9JH8O2guEjXNxqmybzQ92mJUh2oCwDDMSSimZSe1P+pceZiFROZLYmcbqkzV5EUwz6VwcKXCO2S2yUpra6XQ==}
    dependencies:
      '@types/node': 17.0.30
    dev: true

  /buffer-crc32/0.2.13:
    resolution: {integrity: sha512-VO9Ht/+p3SN7SKWqcrgEzjGbRSJYTx+Q1pTQC0wrWqHx0vpJraQ6GtHx8tvcg1rlK1byhU5gccxgOgj7B0TDkQ==}
    dev: false

  /estree-walker/2.0.2:
    resolution: {integrity: sha512-Rfkk/Mp/DL7JVje3u18FxFujQlTNR2q6QfMSMB7AvCBx91NGj/ba3kCfza0f6dVDbw7YlRf/nDrn7pQrCCyQ/w==}
    dev: false

  /fsevents/2.3.2:
    resolution: {integrity: sha512-xiqMQR4xAeHTuB9uWm+fFRcIOgKBMiOBP+eXiyT7jsgVCq1bkVygt00oASowB7EdtpOHaaPgKt812P9ab+DDKA==}
    engines: {node: ^8.16.0 || ^10.6.0 || >=11.0.0}
    os: [darwin]
    requiresBuild: true
    optional: true

  /picomatch/2.3.1:
    resolution: {integrity: sha512-JU3teHTNjmE2VCGFzuY8EXzCDVwEqB2a8fsIvwaStHhAWJEeVd1o1QD80CU6+ZdEXXSLbSsuLwJjkCBWqRQUVA==}
    engines: {node: '>=8.6'}
    dev: false

  /rollup/2.70.2:
    resolution: {integrity: sha512-EitogNZnfku65I1DD5Mxe8JYRUCy0hkK5X84IlDtUs+O6JRMpRciXTzyCUuX11b5L5pvjH+OmFXiQ3XjabcXgg==}
    engines: {node: '>=10.0.0'}
    hasBin: true
    optionalDependencies:
      fsevents: 2.3.2

  /typescript/4.6.4:
    resolution: {integrity: sha512-9ia/jWHIEbo49HfjrLGfKbZSuWo9iTMwXO+Ca3pRsSpbsMbc7/IU8NKdCZVRRBafVPGnoJeFL76ZOAA84I9fEg==}
    engines: {node: '>=4.2.0'}
    hasBin: true
    dev: true

  /yazl/2.5.1:
    resolution: {integrity: sha512-phENi2PLiHnHb6QBVot+dJnaAZ0xosj7p3fWl+znIjBDlnMI2PsZCJZ306BPTFOaHf5qdDEI8x5qFrSOBN5vrw==}
    dependencies:
      buffer-crc32: 0.2.13
    dev: false
